
Microsoft Visual Studio Solution File, Format Version 12.00
Project("{2150E333-8FDC-42A3-9474-1A3956D46DE8}") = "Config", "Config", "{B152BE5F-3037-4CBA-A224-6DA1D2446656}"
	ProjectSection(SolutionItems) = preProject
		.editorconfig = .editorconfig
		Directory.Build.props = Directory.Build.props
		Directory.Packages.props = Directory.Packages.props
		nuget.config = nuget.config
	EndProjectSection
EndProject
Project("{FAE04EC0-301F-11D3-BF4B-00C04F79EFBC}") = "TOrgName.TMicroserviceInfrastructureRepositoryName.Pulumi", "TOrgName.TMicroserviceInfrastructureRepositoryName.Pulumi\TOrgName.TMicroserviceInfrastructureRepositoryName.Pulumi.csproj", "{7BDDF037-02AD-4CFB-8AED-EF89B9C7D34B}"
EndProject
Global
	GlobalSection(SolutionConfigurationPlatforms) = preSolution
		Debug|Any CPU = Debug|Any CPU
		Release|Any CPU = Release|Any CPU
	EndGlobalSection
	GlobalSection(ProjectConfigurationPlatforms) = postSolution
		{7BDDF037-02AD-4CFB-8AED-EF89B9C7D34B}.Debug|Any CPU.ActiveCfg = Debug|Any CPU
		{7BDDF037-02AD-4CFB-8AED-EF89B9C7D34B}.Debug|Any CPU.Build.0 = Debug|Any CPU
		{7BDDF037-02AD-4CFB-8AED-EF89B9C7D34B}.Release|Any CPU.ActiveCfg = Release|Any CPU
		{7BDDF037-02AD-4CFB-8AED-EF89B9C7D34B}.Release|Any CPU.Build.0 = Release|Any CPU
	EndGlobalSection
EndGlobal
